
Microsoft Visual Studio Solution File, Format Version 12.00
# Visual Studio Version 17
VisualStudioVersion = 17.8.34511.84
MinimumVisualStudioVersion = 10.0.40219.1
Project("{FAE04EC0-301F-11D3-BF4B-00C04F79EFBC}") = "jogo da memoria", "jogo da memoria\jogo da memoria.csproj", "{EF8DBBC8-4A47-455A-BBDA-DC7AB18BBFED}"
EndProject
Global
	GlobalSection(SolutionConfigurationPlatforms) = preSolution
		Debug|Any CPU = Debug|Any CPU
		Release|Any CPU = Release|Any CPU
	EndGlobalSection
	GlobalSection(ProjectConfigurationPlatforms) = postSolution
		{EF8DBBC8-4A47-455A-BBDA-DC7AB18BBFED}.Debug|Any CPU.ActiveCfg = Debug|Any CPU
		{EF8DBBC8-4A47-455A-BBDA-DC7AB18BBFED}.Debug|Any CPU.Build.0 = Debug|Any CPU
		{EF8DBBC8-4A47-455A-BBDA-DC7AB18BBFED}.Release|Any CPU.ActiveCfg = Release|Any CPU
		{EF8DBBC8-4A47-455A-BBDA-DC7AB18BBFED}.Release|Any CPU.Build.0 = Release|Any CPU
	EndGlobalSection
	GlobalSection(SolutionProperties) = preSolution
		HideSolutionNode = FALSE
	EndGlobalSection
	GlobalSection(ExtensibilityGlobals) = postSolution
		SolutionGuid = {022D983A-6709-4B47-B3C3-596D89EB44A0}
	EndGlobalSection
EndGlobal
